
Microsoft Visual Studio Solution File, Format Version 12.00
# Visual Studio 15
VisualStudioVersion = 15.0.25807.0
MinimumVisualStudioVersion = 10.0.40219.1
Project("{2150E333-8FDC-42A3-9474-1A3956D46DE8}") = "Engine", "Engine", "{83A0CC4F-E84E-4DA7-BAE1-374F708CF8F6}"
EndProject
Project("{2150E333-8FDC-42A3-9474-1A3956D46DE8}") = "Games", "Games", "{9867C1D1-4D1B-4C15-9257-C822BC830B19}"
EndProject
Project("{8BC9CEB8-8B4A-11D0-8D11-00A0C91BC942}") = "UE4", "Intermediate\ProjectFiles\UE4.vcxproj", "{E31A3AE6-38F8-4ADB-857C-5C5E5EB52114}"
EndProject
Project("{8BC9CEB8-8B4A-11D0-8D11-00A0C91BC942}") = "CruelJustice", "Intermediate\ProjectFiles\CruelJustice.vcxproj", "{1F20ABF2-54E5-4B09-9550-BF017B733EC6}"
EndProject
Global
	GlobalSection(SolutionConfigurationPlatforms) = preSolution
		DebugGame Editor|HTML5 = DebugGame Editor|HTML5
		DebugGame Editor|Win32 = DebugGame Editor|Win32
		DebugGame Editor|Win64 = DebugGame Editor|Win64
		DebugGame|HTML5 = DebugGame|HTML5
		DebugGame|Win32 = DebugGame|Win32
		DebugGame|Win64 = DebugGame|Win64
		Development Editor|HTML5 = Development Editor|HTML5
		Development Editor|Win32 = Development Editor|Win32
		Development Editor|Win64 = Development Editor|Win64
		Development|HTML5 = Development|HTML5
		Development|Win32 = Development|Win32
		Development|Win64 = Development|Win64
		Shipping|HTML5 = Shipping|HTML5
		Shipping|Win32 = Shipping|Win32
		Shipping|Win64 = Shipping|Win64
	EndGlobalSection
	GlobalSection(ProjectConfigurationPlatforms) = postSolution
		{E31A3AE6-38F8-4ADB-857C-5C5E5EB52114}.DebugGame Editor|HTML5.ActiveCfg = BuiltWithUnrealBuildTool|Win32
		{E31A3AE6-38F8-4ADB-857C-5C5E5EB52114}.DebugGame Editor|HTML5.Build.0 = BuiltWithUnrealBuildTool|Win32
		{E31A3AE6-38F8-4ADB-857C-5C5E5EB52114}.DebugGame Editor|Win32.ActiveCfg = BuiltWithUnrealBuildTool|Win32
		{E31A3AE6-38F8-4ADB-857C-5C5E5EB52114}.DebugGame Editor|Win32.Build.0 = BuiltWithUnrealBuildTool|Win32
		{E31A3AE6-38F8-4ADB-857C-5C5E5EB52114}.DebugGame Editor|Win64.ActiveCfg = BuiltWithUnrealBuildTool|Win32
		{E31A3AE6-38F8-4ADB-857C-5C5E5EB52114}.DebugGame Editor|Win64.Build.0 = BuiltWithUnrealBuildTool|Win32
		{E31A3AE6-38F8-4ADB-857C-5C5E5EB52114}.DebugGame|HTML5.ActiveCfg = BuiltWithUnrealBuildTool|Win32
		{E31A3AE6-38F8-4ADB-857C-5C5E5EB52114}.DebugGame|HTML5.Build.0 = BuiltWithUnrealBuildTool|Win32
		{E31A3AE6-38F8-4ADB-857C-5C5E5EB52114}.DebugGame|Win32.ActiveCfg = BuiltWithUnrealBuildTool|Win32
		{E31A3AE6-38F8-4ADB-857C-5C5E5EB52114}.DebugGame|Win32.Build.0 = BuiltWithUnrealBuildTool|Win32
		{E31A3AE6-38F8-4ADB-857C-5C5E5EB52114}.DebugGame|Win64.ActiveCfg = BuiltWithUnrealBuildTool|Win32
		{E31A3AE6-38F8-4ADB-857C-5C5E5EB52114}.DebugGame|Win64.Build.0 = BuiltWithUnrealBuildTool|Win32
		{E31A3AE6-38F8-4ADB-857C-5C5E5EB52114}.Development Editor|HTML5.ActiveCfg = BuiltWithUnrealBuildTool|Win32
		{E31A3AE6-38F8-4ADB-857C-5C5E5EB52114}.Development Editor|HTML5.Build.0 = BuiltWithUnrealBuildTool|Win32
		{E31A3AE6-38F8-4ADB-857C-5C5E5EB52114}.Development Editor|Win32.ActiveCfg = BuiltWithUnrealBuildTool|Win32
		{E31A3AE6-38F8-4ADB-857C-5C5E5EB52114}.Development Editor|Win32.Build.0 = BuiltWithUnrealBuildTool|Win32
		{E31A3AE6-38F8-4ADB-857C-5C5E5EB52114}.Development Editor|Win64.ActiveCfg = BuiltWithUnrealBuildTool|Win32
		{E31A3AE6-38F8-4ADB-857C-5C5E5EB52114}.Development Editor|Win64.Build.0 = BuiltWithUnrealBuildTool|Win32
		{E31A3AE6-38F8-4ADB-857C-5C5E5EB52114}.Development|HTML5.ActiveCfg = BuiltWithUnrealBuildTool|Win32
		{E31A3AE6-38F8-4ADB-857C-5C5E5EB52114}.Development|HTML5.Build.0 = BuiltWithUnrealBuildTool|Win32
		{E31A3AE6-38F8-4ADB-857C-5C5E5EB52114}.Development|Win32.ActiveCfg = BuiltWithUnrealBuildTool|Win32
		{E31A3AE6-38F8-4ADB-857C-5C5E5EB52114}.Development|Win32.Build.0 = BuiltWithUnrealBuildTool|Win32
		{E31A3AE6-38F8-4ADB-857C-5C5E5EB52114}.Development|Win64.ActiveCfg = BuiltWithUnrealBuildTool|Win32
		{E31A3AE6-38F8-4ADB-857C-5C5E5EB52114}.Development|Win64.Build.0 = BuiltWithUnrealBuildTool|Win32
		{E31A3AE6-38F8-4ADB-857C-5C5E5EB52114}.Shipping|HTML5.ActiveCfg = BuiltWithUnrealBuildTool|Win32
		{E31A3AE6-38F8-4ADB-857C-5C5E5EB52114}.Shipping|HTML5.Build.0 = BuiltWithUnrealBuildTool|Win32
		{E31A3AE6-38F8-4ADB-857C-5C5E5EB52114}.Shipping|Win32.ActiveCfg = BuiltWithUnrealBuildTool|Win32
		{E31A3AE6-38F8-4ADB-857C-5C5E5EB52114}.Shipping|Win32.Build.0 = BuiltWithUnrealBuildTool|Win32
		{E31A3AE6-38F8-4ADB-857C-5C5E5EB52114}.Shipping|Win64.ActiveCfg = BuiltWithUnrealBuildTool|Win32
		{E31A3AE6-38F8-4ADB-857C-5C5E5EB52114}.Shipping|Win64.Build.0 = BuiltWithUnrealBuildTool|Win32
		{1F20ABF2-54E5-4B09-9550-BF017B733EC6}.DebugGame Editor|HTML5.ActiveCfg = HTML5_DebugGame_Editor|Win32
		{1F20ABF2-54E5-4B09-9550-BF017B733EC6}.DebugGame Editor|Win32.ActiveCfg = DebugGame_Editor|Win32
		{1F20ABF2-54E5-4B09-9550-BF017B733EC6}.DebugGame Editor|Win64.ActiveCfg = DebugGame_Editor|x64
		{1F20ABF2-54E5-4B09-9550-BF017B733EC6}.DebugGame Editor|Win64.Build.0 = DebugGame_Editor|x64
		{1F20ABF2-54E5-4B09-9550-BF017B733EC6}.DebugGame|HTML5.ActiveCfg = HTML5_DebugGame_Game|Win32
		{1F20ABF2-54E5-4B09-9550-BF017B733EC6}.DebugGame|HTML5.Build.0 = HTML5_DebugGame_Game|Win32
		{1F20ABF2-54E5-4B09-9550-BF017B733EC6}.DebugGame|Win32.ActiveCfg = DebugGame_Game|Win32
		{1F20ABF2-54E5-4B09-9550-BF017B733EC6}.DebugGame|Win32.Build.0 = DebugGame_Game|Win32
		{1F20ABF2-54E5-4B09-9550-BF017B733EC6}.DebugGame|Win64.ActiveCfg = DebugGame_Game|x64
		{1F20ABF2-54E5-4B09-9550-BF017B733EC6}.DebugGame|Win64.Build.0 = DebugGame_Game|x64
		{1F20ABF2-54E5-4B09-9550-BF017B733EC6}.Development Editor|HTML5.ActiveCfg = HTML5_Development_Editor|Win32
		{1F20ABF2-54E5-4B09-9550-BF017B733EC6}.Development Editor|Win32.ActiveCfg = Development_Editor|Win32
		{1F20ABF2-54E5-4B09-9550-BF017B733EC6}.Development Editor|Win64.ActiveCfg = Development_Editor|x64
		{1F20ABF2-54E5-4B09-9550-BF017B733EC6}.Development Editor|Win64.Build.0 = Development_Editor|x64
		{1F20ABF2-54E5-4B09-9550-BF017B733EC6}.Development|HTML5.ActiveCfg = HTML5_Development_Game|Win32
		{1F20ABF2-54E5-4B09-9550-BF017B733EC6}.Development|HTML5.Build.0 = HTML5_Development_Game|Win32
		{1F20ABF2-54E5-4B09-9550-BF017B733EC6}.Development|Win32.ActiveCfg = Development_Game|Win32
		{1F20ABF2-54E5-4B09-9550-BF017B733EC6}.Development|Win32.Build.0 = Development_Game|Win32
		{1F20ABF2-54E5-4B09-9550-BF017B733EC6}.Development|Win64.ActiveCfg = Development_Game|x64
		{1F20ABF2-54E5-4B09-9550-BF017B733EC6}.Development|Win64.Build.0 = Development_Game|x64
		{1F20ABF2-54E5-4B09-9550-BF017B733EC6}.Shipping|HTML5.ActiveCfg = HTML5_Shipping_Game|Win32
		{1F20ABF2-54E5-4B09-9550-BF017B733EC6}.Shipping|HTML5.Build.0 = HTML5_Shipping_Game|Win32
		{1F20ABF2-54E5-4B09-9550-BF017B733EC6}.Shipping|Win32.ActiveCfg = Shipping_Game|Win32
		{1F20ABF2-54E5-4B09-9550-BF017B733EC6}.Shipping|Win32.Build.0 = Shipping_Game|Win32
		{1F20ABF2-54E5-4B09-9550-BF017B733EC6}.Shipping|Win64.ActiveCfg = Shipping_Game|x64
		{1F20ABF2-54E5-4B09-9550-BF017B733EC6}.Shipping|Win64.Build.0 = Shipping_Game|x64
	EndGlobalSection
	GlobalSection(SolutionProperties) = preSolution
		HideSolutionNode = FALSE
	EndGlobalSection
	GlobalSection(NestedProjects) = preSolution
		{E31A3AE6-38F8-4ADB-857C-5C5E5EB52114} = {83A0CC4F-E84E-4DA7-BAE1-374F708CF8F6}
		{1F20ABF2-54E5-4B09-9550-BF017B733EC6} = {9867C1D1-4D1B-4C15-9257-C822BC830B19}
	EndGlobalSection
	GlobalSection(ExtensibilityGlobals) = postSolution
		SolutionGuid = {58761B44-7833-4E3E-893A-2C01720B2708}
	EndGlobalSection
EndGlobal
